
Microsoft Visual Studio Solution File, Format Version 12.00
# Visual Studio Version 16
VisualStudioVersion = 16.0.30711.63
MinimumVisualStudioVersion = 10.0.40219.1
Project("{FAE04EC0-301F-11D3-BF4B-00C04F79EFBC}") = "ZModem4DotNET", "ZModem4DotNET\ZModem4DotNET.csproj", "{9906FA27-A9C7-49CD-B3D7-054ADDBDAA13}"
EndProject
Project("{FAE04EC0-301F-11D3-BF4B-00C04F79EFBC}") = "ZModem example", "ZModem example\ZModem example.csproj", "{8DF67440-E32F-4BA5-974E-C47EF43D8680}"
EndProject
Global
	GlobalSection(SolutionConfigurationPlatforms) = preSolution
		Debug|Any CPU = Debug|Any CPU
		Release|Any CPU = Release|Any CPU
	EndGlobalSection
	GlobalSection(ProjectConfigurationPlatforms) = postSolution
		{9906FA27-A9C7-49CD-B3D7-054ADDBDAA13}.Debug|Any CPU.ActiveCfg = Debug|Any CPU
		{9906FA27-A9C7-49CD-B3D7-054ADDBDAA13}.Debug|Any CPU.Build.0 = Debug|Any CPU
		{9906FA27-A9C7-49CD-B3D7-054ADDBDAA13}.Release|Any CPU.ActiveCfg = Release|Any CPU
		{9906FA27-A9C7-49CD-B3D7-054ADDBDAA13}.Release|Any CPU.Build.0 = Release|Any CPU
		{8DF67440-E32F-4BA5-974E-C47EF43D8680}.Debug|Any CPU.ActiveCfg = Debug|Any CPU
		{8DF67440-E32F-4BA5-974E-C47EF43D8680}.Debug|Any CPU.Build.0 = Debug|Any CPU
		{8DF67440-E32F-4BA5-974E-C47EF43D8680}.Release|Any CPU.ActiveCfg = Release|Any CPU
		{8DF67440-E32F-4BA5-974E-C47EF43D8680}.Release|Any CPU.Build.0 = Release|Any CPU
	EndGlobalSection
	GlobalSection(SolutionProperties) = preSolution
		HideSolutionNode = FALSE
	EndGlobalSection
	GlobalSection(ExtensibilityGlobals) = postSolution
		SolutionGuid = {175642F3-3E26-4264-94BD-EA8CD48E2E46}
	EndGlobalSection
EndGlobal
